// !$*UTF8*$!
{
	archiveVersion = 1;
	classes = {
	};
	objectVersion = 46;
	objects = {

/* Begin PBXBuildFile section */
		0E092B33F65604BF035453AB /* Pods_YikYakClone.framework in Frameworks */ = {isa = PBXBuildFile; fileRef = 835CC69464E1B3E52D81D22E /* Pods_YikYakClone.framework */; };
		72ED086C1C791E560096EF0C /* YakCenter.swift in Sources */ = {isa = PBXBuildFile; fileRef = 72ED086B1C791E560096EF0C /* YakCenter.swift */; };
		830934D81C745F2100B659B9 /* ReplyTableViewCell.swift in Sources */ = {isa = PBXBuildFile; fileRef = 830934D71C745F2100B659B9 /* ReplyTableViewCell.swift */; };
		830FF9C71C71B909003B9E87 /* DetailViewController.swift in Sources */ = {isa = PBXBuildFile; fileRef = 830FF9C61C71B909003B9E87 /* DetailViewController.swift */; };
		832BE1131C6B1FF4002D36A2 /* AppDelegate.swift in Sources */ = {isa = PBXBuildFile; fileRef = 832BE1121C6B1FF4002D36A2 /* AppDelegate.swift */; };
		832BE1181C6B1FF4002D36A2 /* Main.storyboard in Resources */ = {isa = PBXBuildFile; fileRef = 832BE1161C6B1FF4002D36A2 /* Main.storyboard */; };
		832BE11A1C6B1FF4002D36A2 /* Assets.xcassets in Resources */ = {isa = PBXBuildFile; fileRef = 832BE1191C6B1FF4002D36A2 /* Assets.xcassets */; };
		832BE11D1C6B1FF4002D36A2 /* LaunchScreen.storyboard in Resources */ = {isa = PBXBuildFile; fileRef = 832BE11B1C6B1FF4002D36A2 /* LaunchScreen.storyboard */; };
		832BE1251C6B29CC002D36A2 /* PostTableViewController.swift in Sources */ = {isa = PBXBuildFile; fileRef = 832BE1241C6B29CC002D36A2 /* PostTableViewController.swift */; };
		832BE1271C6B2A0E002D36A2 /* PostTableViewCell.swift in Sources */ = {isa = PBXBuildFile; fileRef = 832BE1261C6B2A0E002D36A2 /* PostTableViewCell.swift */; };
		832BE1291C6B3559002D36A2 /* ComposeViewController.swift in Sources */ = {isa = PBXBuildFile; fileRef = 832BE1281C6B3559002D36A2 /* ComposeViewController.swift */; };
		832BE12B1C6B370D002D36A2 /* Yak.swift in Sources */ = {isa = PBXBuildFile; fileRef = 832BE12A1C6B370D002D36A2 /* Yak.swift */; };
		832BE12D1C6B3782002D36A2 /* Reply.swift in Sources */ = {isa = PBXBuildFile; fileRef = 832BE12C1C6B3782002D36A2 /* Reply.swift */; };
/* End PBXBuildFile section */

/* Begin PBXFileReference section */
		484C33608F69476D559BD7BB /* Pods-YikYakClone.debug.xcconfig */ = {isa = PBXFileReference; includeInIndex = 1; lastKnownFileType = text.xcconfig; name = "Pods-YikYakClone.debug.xcconfig"; path = "Pods/Target Support Files/Pods-YikYakClone/Pods-YikYakClone.debug.xcconfig"; sourceTree = "<group>"; };
		72ED086B1C791E560096EF0C /* YakCenter.swift */ = {isa = PBXFileReference; fileEncoding = 4; lastKnownFileType = sourcecode.swift; path = YakCenter.swift; sourceTree = "<group>"; };
		830934D71C745F2100B659B9 /* ReplyTableViewCell.swift */ = {isa = PBXFileReference; fileEncoding = 4; lastKnownFileType = sourcecode.swift; name = ReplyTableViewCell.swift; path = ../ReplyTableViewCell.swift; sourceTree = "<group>"; };
		830FF9C61C71B909003B9E87 /* DetailViewController.swift */ = {isa = PBXFileReference; fileEncoding = 4; lastKnownFileType = sourcecode.swift; path = DetailViewController.swift; sourceTree = "<group>"; };
		832BE10F1C6B1FF4002D36A2 /* YikYakClone.app */ = {isa = PBXFileReference; explicitFileType = wrapper.application; includeInIndex = 0; path = YikYakClone.app; sourceTree = BUILT_PRODUCTS_DIR; };
		832BE1121C6B1FF4002D36A2 /* AppDelegate.swift */ = {isa = PBXFileReference; lastKnownFileType = sourcecode.swift; path = AppDelegate.swift; sourceTree = "<group>"; };
		832BE1171C6B1FF4002D36A2 /* Base */ = {isa = PBXFileReference; lastKnownFileType = file.storyboard; name = Base; path = Base.lproj/Main.storyboard; sourceTree = "<group>"; };
		832BE1191C6B1FF4002D36A2 /* Assets.xcassets */ = {isa = PBXFileReference; lastKnownFileType = folder.assetcatalog; path = Assets.xcassets; sourceTree = "<group>"; };
		832BE11C1C6B1FF4002D36A2 /* Base */ = {isa = PBXFileReference; lastKnownFileType = file.storyboard; name = Base; path = Base.lproj/LaunchScreen.storyboard; sourceTree = "<group>"; };
		832BE11E1C6B1FF4002D36A2 /* Info.plist */ = {isa = PBXFileReference; lastKnownFileType = text.plist.xml; path = Info.plist; sourceTree = "<group>"; };
		832BE1241C6B29CC002D36A2 /* PostTableViewController.swift */ = {isa = PBXFileReference; fileEncoding = 4; lastKnownFileType = sourcecode.swift; path = PostTableViewController.swift; sourceTree = "<group>"; };
		832BE1261C6B2A0E002D36A2 /* PostTableViewCell.swift */ = {isa = PBXFileReference; fileEncoding = 4; lastKnownFileType = sourcecode.swift; path = PostTableViewCell.swift; sourceTree = "<group>"; };
		832BE1281C6B3559002D36A2 /* ComposeViewController.swift */ = {isa = PBXFileReference; fileEncoding = 4; lastKnownFileType = sourcecode.swift; path = ComposeViewController.swift; sourceTree = "<group>"; };
		832BE12A1C6B370D002D36A2 /* Yak.swift */ = {isa = PBXFileReference; fileEncoding = 4; lastKnownFileType = sourcecode.swift; path = Yak.swift; sourceTree = "<group>"; };
		832BE12C1C6B3782002D36A2 /* Reply.swift */ = {isa = PBXFileReference; fileEncoding = 4; lastKnownFileType = sourcecode.swift; path = Reply.swift; sourceTree = "<group>"; };
		835CC69464E1B3E52D81D22E /* Pods_YikYakClone.framework */ = {isa = PBXFileReference; explicitFileType = wrapper.framework; includeInIndex = 0; path = Pods_YikYakClone.framework; sourceTree = BUILT_PRODUCTS_DIR; };
		FCA79D1DA9EA1AD20E72BE59 /* Pods-YikYakClone.release.xcconfig */ = {isa = PBXFileReference; includeInIndex = 1; lastKnownFileType = text.xcconfig; name = "Pods-YikYakClone.release.xcconfig"; path = "Pods/Target Support Files/Pods-YikYakClone/Pods-YikYakClone.release.xcconfig"; sourceTree = "<group>"; };
/* End PBXFileReference section */

/* Begin PBXFrameworksBuildPhase section */
		832BE10C1C6B1FF4002D36A2 /* Frameworks */ = {
			isa = PBXFrameworksBuildPhase;
			buildActionMask = 2147483647;
			files = (
				0E092B33F65604BF035453AB /* Pods_YikYakClone.framework in Frameworks */,
			);
			runOnlyForDeploymentPostprocessing = 0;
		};
/* End PBXFrameworksBuildPhase section */

/* Begin PBXGroup section */
		3554940919A88EB40F99F74E /* Frameworks */ = {
			isa = PBXGroup;
			children = (
				835CC69464E1B3E52D81D22E /* Pods_YikYakClone.framework */,
			);
			name = Frameworks;
			sourceTree = "<group>";
		};
		72ED086D1C791F150096EF0C /* Cells */ = {
			isa = PBXGroup;
			children = (
				830934D71C745F2100B659B9 /* ReplyTableViewCell.swift */,
				832BE1261C6B2A0E002D36A2 /* PostTableViewCell.swift */,
			);
			name = Cells;
			sourceTree = "<group>";
		};
		832BE1061C6B1FF4002D36A2 = {
			isa = PBXGroup;
			children = (
				832BE1111C6B1FF4002D36A2 /* YikYakClone */,
				832BE1101C6B1FF4002D36A2 /* Products */,
				C320355963C9DE9BC47423B4 /* Pods */,
				3554940919A88EB40F99F74E /* Frameworks */,
			);
			sourceTree = "<group>";
		};
		832BE1101C6B1FF4002D36A2 /* Products */ = {
			isa = PBXGroup;
			children = (
				832BE10F1C6B1FF4002D36A2 /* YikYakClone.app */,
			);
			name = Products;
			sourceTree = "<group>";
		};
		832BE1111C6B1FF4002D36A2 /* YikYakClone */ = {
			isa = PBXGroup;
			children = (
				72ED086D1C791F150096EF0C /* Cells */,
				832BE1121C6B1FF4002D36A2 /* AppDelegate.swift */,
				832BE1161C6B1FF4002D36A2 /* Main.storyboard */,
				832BE12E1C6B378B002D36A2 /* Model */,
				832BE1241C6B29CC002D36A2 /* PostTableViewController.swift */,
				832BE1281C6B3559002D36A2 /* ComposeViewController.swift */,
				830FF9C61C71B909003B9E87 /* DetailViewController.swift */,
				832BE1191C6B1FF4002D36A2 /* Assets.xcassets */,
				832BE11B1C6B1FF4002D36A2 /* LaunchScreen.storyboard */,
				832BE11E1C6B1FF4002D36A2 /* Info.plist */,
			);
			path = YikYakClone;
			sourceTree = "<group>";
		};
		832BE12E1C6B378B002D36A2 /* Model */ = {
			isa = PBXGroup;
			children = (
				832BE12A1C6B370D002D36A2 /* Yak.swift */,
				832BE12C1C6B3782002D36A2 /* Reply.swift */,
				72ED086B1C791E560096EF0C /* YakCenter.swift */,
			);
			name = Model;
			sourceTree = "<group>";
		};
		C320355963C9DE9BC47423B4 /* Pods */ = {
			isa = PBXGroup;
			children = (
				484C33608F69476D559BD7BB /* Pods-YikYakClone.debug.xcconfig */,
				FCA79D1DA9EA1AD20E72BE59 /* Pods-YikYakClone.release.xcconfig */,
			);
			name = Pods;
			sourceTree = "<group>";
		};
/* End PBXGroup section */

/* Begin PBXNativeTarget section */
		832BE10E1C6B1FF4002D36A2 /* YikYakClone */ = {
			isa = PBXNativeTarget;
			buildConfigurationList = 832BE1211C6B1FF4002D36A2 /* Build configuration list for PBXNativeTarget "YikYakClone" */;
			buildPhases = (
				62A610892C3DBB8167BC3ACE /* Check Pods Manifest.lock */,
				832BE10B1C6B1FF4002D36A2 /* Sources */,
				832BE10C1C6B1FF4002D36A2 /* Frameworks */,
				832BE10D1C6B1FF4002D36A2 /* Resources */,
				6F38F38BAD06DEC2E3C0A6BF /* Embed Pods Frameworks */,
				1969D042D3CD561BAAE8F374 /* Copy Pods Resources */,
			);
			buildRules = (
			);
			dependencies = (
			);
			name = YikYakClone;
			productName = YikYakClone;
			productReference = 832BE10F1C6B1FF4002D36A2 /* YikYakClone.app */;
			productType = "com.apple.product-type.application";
		};
/* End PBXNativeTarget section */

/* Begin PBXProject section */
		832BE1071C6B1FF4002D36A2 /* Project object */ = {
			isa = PBXProject;
			attributes = {
				LastSwiftUpdateCheck = 0720;
				LastUpgradeCheck = 0720;
				ORGANIZATIONNAME = "Jesse Hu";
				TargetAttributes = {
					832BE10E1C6B1FF4002D36A2 = {
						CreatedOnToolsVersion = 7.2.1;
					};
				};
			};
			buildConfigurationList = 832BE10A1C6B1FF4002D36A2 /* Build configuration list for PBXProject "YikYakClone" */;
			compatibilityVersion = "Xcode 3.2";
			developmentRegion = English;
			hasScannedForEncodings = 0;
			knownRegions = (
				en,
				Base,
			);
			mainGroup = 832BE1061C6B1FF4002D36A2;
			productRefGroup = 832BE1101C6B1FF4002D36A2 /* Products */;
			projectDirPath = "";
			projectRoot = "";
			targets = (
				832BE10E1C6B1FF4002D36A2 /* YikYakClone */,
			);
		};
/* End PBXProject section */

/* Begin PBXResourcesBuildPhase section */
		832BE10D1C6B1FF4002D36A2 /* Resources */ = {
			isa = PBXResourcesBuildPhase;
			buildActionMask = 2147483647;
			files = (
				832BE11D1C6B1FF4002D36A2 /* LaunchScreen.storyboard in Resources */,
				832BE11A1C6B1FF4002D36A2 /* Assets.xcassets in Resources */,
				832BE1181C6B1FF4002D36A2 /* Main.storyboard in Resources */,
			);
			runOnlyForDeploymentPostprocessing = 0;
		};
/* End PBXResourcesBuildPhase section */

/* Begin PBXShellScriptBuildPhase section */
		1969D042D3CD561BAAE8F374 /* Copy Pods Resources */ = {
			isa = PBXShellScriptBuildPhase;
			buildActionMask = 2147483647;
			files = (
			);
			inputPaths = (
			);
			name = "Copy Pods Resources";
			outputPaths = (
			);
			runOnlyForDeploymentPostprocessing = 0;
			shellPath = /bin/sh;
			shellScript = "\"${SRCROOT}/Pods/Target Support Files/Pods-YikYakClone/Pods-YikYakClone-resources.sh\"\n";
			showEnvVarsInLog = 0;
		};
		62A610892C3DBB8167BC3ACE /* Check Pods Manifest.lock */ = {
			isa = PBXShellScriptBuildPhase;
			buildActionMask = 2147483647;
			files = (
			);
			inputPaths = (
			);
			name = "Check Pods Manifest.lock";
			outputPaths = (
			);
			runOnlyForDeploymentPostprocessing = 0;
			shellPath = /bin/sh;
			shellScript = "diff \"${PODS_ROOT}/../Podfile.lock\" \"${PODS_ROOT}/Manifest.lock\" > /dev/null\nif [[ $? != 0 ]] ; then\n    cat << EOM\nerror: The sandbox is not in sync with the Podfile.lock. Run 'pod install' or update your CocoaPods installation.\nEOM\n    exit 1\nfi\n";
			showEnvVarsInLog = 0;
		};
		6F38F38BAD06DEC2E3C0A6BF /* Embed Pods Frameworks */ = {
			isa = PBXShellScriptBuildPhase;
			buildActionMask = 2147483647;
			files = (
			);
			inputPaths = (
			);
			name = "Embed Pods Frameworks";
			outputPaths = (
			);
			runOnlyForDeploymentPostprocessing = 0;
			shellPath = /bin/sh;
			shellScript = "\"${SRCROOT}/Pods/Target Support Files/Pods-YikYakClone/Pods-YikYakClone-frameworks.sh\"\n";
			showEnvVarsInLog = 0;
		};
/* End PBXShellScriptBuildPhase section */

/* Begin PBXSourcesBuildPhase section */
		832BE10B1C6B1FF4002D36A2 /* Sources */ = {
			isa = PBXSourcesBuildPhase;
			buildActionMask = 2147483647;
			files = (
				832BE12D1C6B3782002D36A2 /* Reply.swift in Sources */,
				832BE1251C6B29CC002D36A2 /* PostTableViewController.swift in Sources */,
				830934D81C745F2100B659B9 /* ReplyTableViewCell.swift in Sources */,
				832BE12B1C6B370D002D36A2 /* Yak.swift in Sources */,
				832BE1131C6B1FF4002D36A2 /* AppDelegate.swift in Sources */,
				832BE1271C6B2A0E002D36A2 /* PostTableViewCell.swift in Sources */,
				832BE1291C6B3559002D36A2 /* ComposeViewController.swift in Sources */,
				830FF9C71C71B909003B9E87 /* DetailViewController.swift in Sources */,
				72ED086C1C791E560096EF0C /* YakCenter.swift in Sources */,
			);
			runOnlyForDeploymentPostprocessing = 0;
		};
/* End PBXSourcesBuildPhase section */

/* Begin PBXVariantGroup section */
		832BE1161C6B1FF4002D36A2 /* Main.storyboard */ = {
			isa = PBXVariantGroup;
			children = (
				832BE1171C6B1FF4002D36A2 /* Base */,
			);
			name = Main.storyboard;
			sourceTree = "<group>";
		};
		832BE11B1C6B1FF4002D36A2 /* LaunchScreen.storyboard */ = {
			isa = PBXVariantGroup;
			children = (
				832BE11C1C6B1FF4002D36A2 /* Base */,
			);
			name = LaunchScreen.storyboard;
			sourceTree = "<group>";
		};
/* End PBXVariantGroup section */

/* Begin XCBuildConfiguration section */
		832BE11F1C6B1FF4002D36A2 /* Debug */ = {
			isa = XCBuildConfiguration;
			buildSettings = {
				ALWAYS_SEARCH_USER_PATHS = NO;
				CLANG_CXX_LANGUAGE_STANDARD = "gnu++0x";
				CLANG_CXX_LIBRARY = "libc++";
				CLANG_ENABLE_MODULES = YES;
				CLANG_ENABLE_OBJC_ARC = YES;
				CLANG_WARN_BOOL_CONVERSION = YES;
				CLANG_WARN_CONSTANT_CONVERSION = YES;
				CLANG_WARN_DIRECT_OBJC_ISA_USAGE = YES_ERROR;
				CLANG_WARN_EMPTY_BODY = YES;
				CLANG_WARN_ENUM_CONVERSION = YES;
				CLANG_WARN_INT_CONVERSION = YES;
				CLANG_WARN_OBJC_ROOT_CLASS = YES_ERROR;
				CLANG_WARN_UNREACHABLE_CODE = YES;
				CLANG_WARN__DUPLICATE_METHOD_MATCH = YES;
				"CODE_SIGN_IDENTITY[sdk=iphoneos*]" = "iPhone Developer";
				COPY_PHASE_STRIP = NO;
				DEBUG_INFORMATION_FORMAT = dwarf;
				ENABLE_STRICT_OBJC_MSGSEND = YES;
				ENABLE_TESTABILITY = YES;
				GCC_C_LANGUAGE_STANDARD = gnu99;
				GCC_DYNAMIC_NO_PIC = NO;
				GCC_NO_COMMON_BLOCKS = YES;
				GCC_OPTIMIZATION_LEVEL = 0;
				GCC_PREPROCESSOR_DEFINITIONS = (
					"DEBUG=1",
					"$(inherited)",
				);
				GCC_WARN_64_TO_32_BIT_CONVERSION = YES;
				GCC_WARN_ABOUT_RETURN_TYPE = YES_ERROR;
				GCC_WARN_UNDECLARED_SELECTOR = YES;
				GCC_WARN_UNINITIALIZED_AUTOS = YES_AGGRESSIVE;
				GCC_WARN_UNUSED_FUNCTION = YES;
				GCC_WARN_UNUSED_VARIABLE = YES;
				IPHONEOS_DEPLOYMENT_TARGET = 9.2;
				MTL_ENABLE_DEBUG_INFO = YES;
				ONLY_ACTIVE_ARCH = YES;
				SDKROOT = iphoneos;
				SWIFT_OPTIMIZATION_LEVEL = "-Onone";
			};
			name = Debug;
		};
		832BE1201C6B1FF4002D36A2 /* Release */ = {
			isa = XCBuildConfiguration;
			buildSettings = {
				ALWAYS_SEARCH_USER_PATHS = NO;
				CLANG_CXX_LANGUAGE_STANDARD = "gnu++0x";
				CLANG_CXX_LIBRARY = "libc++";
				CLANG_ENABLE_MODULES = YES;
				CLANG_ENABLE_OBJC_ARC = YES;
				CLANG_WARN_BOOL_CONVERSION = YES;
				CLANG_WARN_CONSTANT_CONVERSION = YES;
				CLANG_WARN_DIRECT_OBJC_ISA_USAGE = YES_ERROR;
				CLANG_WARN_EMPTY_BODY = YES;
				CLANG_WARN_ENUM_CONVERSION = YES;
				CLANG_WARN_INT_CONVERSION = YES;
				CLANG_WARN_OBJC_ROOT_CLASS = YES_ERROR;
				CLANG_WARN_UNREACHABLE_CODE = YES;
				CLANG_WARN__DUPLICATE_METHOD_MATCH = YES;
				"CODE_SIGN_IDENTITY[sdk=iphoneos*]" = "iPhone Developer";
				COPY_PHASE_STRIP = NO;
				DEBUG_INFORMATION_FORMAT = "dwarf-with-dsym";
				ENABLE_NS_ASSERTIONS = NO;
				ENABLE_STRICT_OBJC_MSGSEND = YES;
				GCC_C_LANGUAGE_STANDARD = gnu99;
				GCC_NO_COMMON_BLOCKS = YES;
				GCC_WARN_64_TO_32_BIT_CONVERSION = YES;
				GCC_WARN_ABOUT_RETURN_TYPE = YES_ERROR;
				GCC_WARN_UNDECLARED_SELECTOR = YES;
				GCC_WARN_UNINITIALIZED_AUTOS = YES_AGGRESSIVE;
				GCC_WARN_UNUSED_FUNCTION = YES;
				GCC_WARN_UNUSED_VARIABLE = YES;
				IPHONEOS_DEPLOYMENT_TARGET = 9.2;
				MTL_ENABLE_DEBUG_INFO = NO;
				SDKROOT = iphoneos;
				VALIDATE_PRODUCT = YES;
			};
			name = Release;
		};
		832BE1221C6B1FF4002D36A2 /* Debug */ = {
			isa = XCBuildConfiguration;
			baseConfigurationReference = 484C33608F69476D559BD7BB /* Pods-YikYakClone.debug.xcconfig */;
			buildSettings = {
				ASSETCATALOG_COMPILER_APPICON_NAME = AppIcon;
				INFOPLIST_FILE = YikYakClone/Info.plist;
				LD_RUNPATH_SEARCH_PATHS = "$(inherited) @executable_path/Frameworks";
				PRODUCT_BUNDLE_IDENTIFIER = com.jessehu.YikYakClone;
				PRODUCT_NAME = "$(TARGET_NAME)";
			};
			name = Debug;
		};
		832BE1231C6B1FF4002D36A2 /* Release */ = {
			isa = XCBuildConfiguration;
			baseConfigurationReference = FCA79D1DA9EA1AD20E72BE59 /* Pods-YikYakClone.release.xcconfig */;
			buildSettings = {
				ASSETCATALOG_COMPILER_APPICON_NAME = AppIcon;
				INFOPLIST_FILE = YikYakClone/Info.plist;
				LD_RUNPATH_SEARCH_PATHS = "$(inherited) @executable_path/Frameworks";
				PRODUCT_BUNDLE_IDENTIFIER = com.jessehu.YikYakClone;
				PRODUCT_NAME = "$(TARGET_NAME)";
			};
			name = Release;
		};
/* End XCBuildConfiguration section */

/* Begin XCConfigurationList section */
		832BE10A1C6B1FF4002D36A2 /* Build configuration list for PBXProject "YikYakClone" */ = {
			isa = XCConfigurationList;
			buildConfigurations = (
				832BE11F1C6B1FF4002D36A2 /* Debug */,
				832BE1201C6B1FF4002D36A2 /* Release */,
			);
			defaultConfigurationIsVisible = 0;
			defaultConfigurationName = Release;
		};
		832BE1211C6B1FF4002D36A2 /* Build configuration list for PBXNativeTarget "YikYakClone" */ = {
			isa = XCConfigurationList;
			buildConfigurations = (
				832BE1221C6B1FF4002D36A2 /* Debug */,
				832BE1231C6B1FF4002D36A2 /* Release */,
			);
			defaultConfigurationIsVisible = 0;
			defaultConfigurationName = Release;
		};
/* End XCConfigurationList section */
	};
	rootObject = 832BE1071C6B1FF4002D36A2 /* Project object */;
}
